
Microsoft Visual Studio Solution File, Format Version 12.00
# Visual Studio Version 16
VisualStudioVersion = 16.0.33027.164
MinimumVisualStudioVersion = 10.0.40219.1
Project("{FAE04EC0-301F-11D3-BF4B-00C04F79EFBC}") = "ConsoleMenuAPI", "ConsoleMenuAPI\ConsoleMenuAPI.csproj", "{799F8B2F-92CA-4A3C-BEC5-4C83385DB27C}"
EndProject
Project("{FAE04EC0-301F-11D3-BF4B-00C04F79EFBC}") = "ConsoleMenuAPITests", "ConsoleMenuAPITests\ConsoleMenuAPITests.csproj", "{B0ED2CB6-39C1-4836-87FF-443E9F535769}"
EndProject
Global
	GlobalSection(SolutionConfigurationPlatforms) = preSolution
		Debug|Any CPU = Debug|Any CPU
		Release|Any CPU = Release|Any CPU
	EndGlobalSection
	GlobalSection(ProjectConfigurationPlatforms) = postSolution
		{799F8B2F-92CA-4A3C-BEC5-4C83385DB27C}.Debug|Any CPU.ActiveCfg = Debug|Any CPU
		{799F8B2F-92CA-4A3C-BEC5-4C83385DB27C}.Debug|Any CPU.Build.0 = Debug|Any CPU
		{799F8B2F-92CA-4A3C-BEC5-4C83385DB27C}.Release|Any CPU.ActiveCfg = Release|Any CPU
		{799F8B2F-92CA-4A3C-BEC5-4C83385DB27C}.Release|Any CPU.Build.0 = Release|Any CPU
		{B0ED2CB6-39C1-4836-87FF-443E9F535769}.Debug|Any CPU.ActiveCfg = Debug|Any CPU
		{B0ED2CB6-39C1-4836-87FF-443E9F535769}.Debug|Any CPU.Build.0 = Debug|Any CPU
		{B0ED2CB6-39C1-4836-87FF-443E9F535769}.Release|Any CPU.ActiveCfg = Release|Any CPU
		{B0ED2CB6-39C1-4836-87FF-443E9F535769}.Release|Any CPU.Build.0 = Release|Any CPU
	EndGlobalSection
	GlobalSection(SolutionProperties) = preSolution
		HideSolutionNode = FALSE
	EndGlobalSection
	GlobalSection(ExtensibilityGlobals) = postSolution
		SolutionGuid = {5452AFE6-CBC4-4320-BC91-3955836AB79A}
	EndGlobalSection
EndGlobal
